
Microsoft Visual Studio Solution File, Format Version 12.00
# Visual Studio Version 16
VisualStudioVersion = 16.0.31605.320
MinimumVisualStudioVersion = 10.0.40219.1
Project("{FAE04EC0-301F-11D3-BF4B-00C04F79EFBC}") = "ProductWebAPI", "ProductWebAPI\ProductWebAPI.csproj", "{2D76B745-8F72-42F7-B51B-EE42A41A5D5D}"
EndProject
Project("{FAE04EC0-301F-11D3-BF4B-00C04F79EFBC}") = "ProductData", "ProductData\ProductData.csproj", "{7E11C5BE-FCE1-47EE-B002-6345E80EB6C4}"
EndProject
Project("{FAE04EC0-301F-11D3-BF4B-00C04F79EFBC}") = "ProductCore", "ProductCore\ProductCore.csproj", "{D067D19E-62F0-47C0-AD54-1544266BC176}"
EndProject
Global
	GlobalSection(SolutionConfigurationPlatforms) = preSolution
		Debug|Any CPU = Debug|Any CPU
		Release|Any CPU = Release|Any CPU
	EndGlobalSection
	GlobalSection(ProjectConfigurationPlatforms) = postSolution
		{2D76B745-8F72-42F7-B51B-EE42A41A5D5D}.Debug|Any CPU.ActiveCfg = Debug|Any CPU
		{2D76B745-8F72-42F7-B51B-EE42A41A5D5D}.Debug|Any CPU.Build.0 = Debug|Any CPU
		{2D76B745-8F72-42F7-B51B-EE42A41A5D5D}.Release|Any CPU.ActiveCfg = Release|Any CPU
		{2D76B745-8F72-42F7-B51B-EE42A41A5D5D}.Release|Any CPU.Build.0 = Release|Any CPU
		{7E11C5BE-FCE1-47EE-B002-6345E80EB6C4}.Debug|Any CPU.ActiveCfg = Debug|Any CPU
		{7E11C5BE-FCE1-47EE-B002-6345E80EB6C4}.Debug|Any CPU.Build.0 = Debug|Any CPU
		{7E11C5BE-FCE1-47EE-B002-6345E80EB6C4}.Release|Any CPU.ActiveCfg = Release|Any CPU
		{7E11C5BE-FCE1-47EE-B002-6345E80EB6C4}.Release|Any CPU.Build.0 = Release|Any CPU
		{D067D19E-62F0-47C0-AD54-1544266BC176}.Debug|Any CPU.ActiveCfg = Debug|Any CPU
		{D067D19E-62F0-47C0-AD54-1544266BC176}.Debug|Any CPU.Build.0 = Debug|Any CPU
		{D067D19E-62F0-47C0-AD54-1544266BC176}.Release|Any CPU.ActiveCfg = Release|Any CPU
		{D067D19E-62F0-47C0-AD54-1544266BC176}.Release|Any CPU.Build.0 = Release|Any CPU
	EndGlobalSection
	GlobalSection(SolutionProperties) = preSolution
		HideSolutionNode = FALSE
	EndGlobalSection
	GlobalSection(ExtensibilityGlobals) = postSolution
		SolutionGuid = {4DE612F3-AB50-4F4D-8258-D39ABFF4A957}
	EndGlobalSection
EndGlobal
